{
  "name": "convert",
  "lockfileVersion": 3,
  "requires": true,
  "packages": {
    "": {
      "dependencies": {
        "opencode-ai": "^0.5.29"
      }
    },
    "node_modules/opencode-ai": {
      "version": "0.5.29",
      "resolved": "https://registry.npmjs.org/opencode-ai/-/opencode-ai-0.5.29.tgz",
      "integrity": "sha512-qUnbEPZ4fz88Pd76ajKNLBVDwQ1SN814uQtqf1duXn0Z4yawsNDIldV757S/9tPW+oNVqe4EFlBjeDrxAbejhg==",
      "hasInstallScript": true,
      "bin": {
        "opencode": "bin/opencode"
      },
      "optionalDependencies": {
        "opencode-darwin-arm64": "0.5.29",
        "opencode-darwin-x64": "0.5.29",
        "opencode-darwin-x64-baseline": "0.5.29",
        "opencode-linux-arm64": "0.5.29",
        "opencode-linux-x64": "0.5.29",
        "opencode-linux-x64-baseline": "0.5.29",
        "opencode-windows-x64": "0.5.29"
      }
    },
    "node_modules/opencode-darwin-arm64": {
      "version": "0.5.29",
      "resolved": "https://registry.npmjs.org/opencode-darwin-arm64/-/opencode-darwin-arm64-0.5.29.tgz",
      "integrity": "sha512-r9VNR+opwM68X9cpR9zFNGlSXk+mLHvPpiNAd6lZtpQ+z93b2DTFyKEIiUEp0gVR0Oz1ilF6yRqae48guqVjcg==",
      "cpu": [
        "arm64"
      ],
      "optional": true,
      "os": [
        "darwin"
      ]
    },
    "node_modules/opencode-darwin-x64": {
      "version": "0.5.29",
      "resolved": "https://registry.npmjs.org/opencode-darwin-x64/-/opencode-darwin-x64-0.5.29.tgz",
      "integrity": "sha512-lwJtQmMvtakA0q1hCUwGZELsQVJycuyvWENQYdb4ou+DEgX/4saMsgk27oJ/n6rNgPbocCF8gdVzWcfhGtf8pQ==",
      "cpu": [
        "x64"
      ],
      "optional": true,
      "os": [
        "darwin"
      ]
    },
    "node_modules/opencode-darwin-x64-baseline": {
      "version": "0.5.29",
      "resolved": "https://registry.npmjs.org/opencode-darwin-x64-baseline/-/opencode-darwin-x64-baseline-0.5.29.tgz",
      "integrity": "sha512-h80arJCLXcSRtWPR8UIQXQ0lK6JRjijgaBh1xH+FpmnwbvO0qFg3QmV3ILHRTRcM3HYJCV4yDnehFlfXALtoeA==",
      "cpu": [
        "x64-baseline"
      ],
      "optional": true,
      "os": [
        "darwin"
      ]
    },
    "node_modules/opencode-linux-arm64": {
      "version": "0.5.29",
      "resolved": "https://registry.npmjs.org/opencode-linux-arm64/-/opencode-linux-arm64-0.5.29.tgz",
      "integrity": "sha512-5rdKiT2tzGOQmz75EerxqRxquZzYim+ByrgrmZNLVspO3J65cugnx8COgJvj4Yf89y0Ua2g4KM692SHGNvtH1w==",
      "cpu": [
        "arm64"
      ],
      "optional": true,
      "os": [
        "linux"
      ]
    },
    "node_modules/opencode-linux-x64": {
      "version": "0.5.29",
      "resolved": "https://registry.npmjs.org/opencode-linux-x64/-/opencode-linux-x64-0.5.29.tgz",
      "integrity": "sha512-dEA5hdjL9iB2bz585FOk5swW96kW3caaSjbYSYFbRyHytCo8AO2vw/ohWt5lE+5mIWWAvsHJk2PucmhV4stMDQ==",
      "cpu": [
        "x64"
      ],
      "optional": true,
      "os": [
        "linux"
      ]
    },
    "node_modules/opencode-linux-x64-baseline": {
      "version": "0.5.29",
      "resolved": "https://registry.npmjs.org/opencode-linux-x64-baseline/-/opencode-linux-x64-baseline-0.5.29.tgz",
      "integrity": "sha512-jnQvPTtEVeCHJMfd3HY+5sSpqg11TZuOdyAWjSPG+NOQm67lZGNd2OMrtdILL8nbtwQ3CC9nhyedkvD0HeURxw==",
      "cpu": [
        "x64-baseline"
      ],
      "optional": true,
      "os": [
        "linux"
      ]
    },
    "node_modules/opencode-windows-x64": {
      "version": "0.5.29",
      "resolved": "https://registry.npmjs.org/opencode-windows-x64/-/opencode-windows-x64-0.5.29.tgz",
      "integrity": "sha512-NPZeBkDWll/JQppTMTZ9scXNtYgLVWE3rjAGpEDicJqe57m0+mXK9wfiKYjg2vwIl5ud8+hb5UjS2ICCzrT6Uw==",
      "cpu": [
        "x64"
      ],
      "optional": true,
      "os": [
        "win32"
      ]
    }
  }
}
